
Microsoft Visual Studio Solution File, Format Version 12.00
# Visual Studio Version 17
VisualStudioVersion = 17.7.34024.191
MinimumVisualStudioVersion = 10.0.40219.1
Project("{FAE04EC0-301F-11D3-BF4B-00C04F79EFBC}") = "assignment 2", "assignment 2\assignment 2.csproj", "{6E04E26C-4949-4260-95D2-471EB5338833}"
EndProject
Global
	GlobalSection(SolutionConfigurationPlatforms) = preSolution
		Debug|Any CPU = Debug|Any CPU
		Release|Any CPU = Release|Any CPU
	EndGlobalSection
	GlobalSection(ProjectConfigurationPlatforms) = postSolution
		{6E04E26C-4949-4260-95D2-471EB5338833}.Debug|Any CPU.ActiveCfg = Debug|Any CPU
		{6E04E26C-4949-4260-95D2-471EB5338833}.Debug|Any CPU.Build.0 = Debug|Any CPU
		{6E04E26C-4949-4260-95D2-471EB5338833}.Release|Any CPU.ActiveCfg = Release|Any CPU
		{6E04E26C-4949-4260-95D2-471EB5338833}.Release|Any CPU.Build.0 = Release|Any CPU
	EndGlobalSection
	GlobalSection(SolutionProperties) = preSolution
		HideSolutionNode = FALSE
	EndGlobalSection
	GlobalSection(ExtensibilityGlobals) = postSolution
		SolutionGuid = {76B3BB86-A253-4A0E-9464-EAD163E0A90D}
	EndGlobalSection
EndGlobal
